
Microsoft Visual Studio Solution File, Format Version 12.00
# Visual Studio Version 17
VisualStudioVersion = 17.6.33723.286
MinimumVisualStudioVersion = 10.0.40219.1
Project("{9A19103F-16F7-4668-BE54-9A1E7A4F7556}") = "SRUNPE", "SRUNPE\SRUNPE.csproj", "{437F8004-E396-4F8B-A0C4-46C545A7C13D}"
EndProject
Project("{9A19103F-16F7-4668-BE54-9A1E7A4F7556}") = "Repository", "Repository\Repository.csproj", "{6B17701F-EE4C-4C37-8577-9A18C265050D}"
EndProject
Project("{9A19103F-16F7-4668-BE54-9A1E7A4F7556}") = "Entities", "Entities\Entities.csproj", "{7C15C55F-2566-4528-AB5B-F5725C0CBB87}"
EndProject
Project("{9A19103F-16F7-4668-BE54-9A1E7A4F7556}") = "Contracts", "Contracts\Contracts.csproj", "{FCE03126-2E92-4DF8-B8A4-040FAF8E1801}"
EndProject
Project("{9A19103F-16F7-4668-BE54-9A1E7A4F7556}") = "LoggerService", "LoggerService\LoggerService.csproj", "{13A9C500-DD9C-41DC-8708-23384554AD4E}"
EndProject
Project("{9A19103F-16F7-4668-BE54-9A1E7A4F7556}") = "Service", "Service\Service.csproj", "{C144D3D8-E5B5-4AA6-8D37-4190A62EB8EF}"
EndProject
Project("{9A19103F-16F7-4668-BE54-9A1E7A4F7556}") = "Service.Contracts", "Service.Contracts\Service.Contracts.csproj", "{F236059C-AB8C-4091-BD13-D1591315B2C1}"
EndProject
Project("{9A19103F-16F7-4668-BE54-9A1E7A4F7556}") = "Shared", "Shared\Shared.csproj", "{353B0CEA-670D-4535-A807-9E56C67F2C60}"
EndProject
Project("{9A19103F-16F7-4668-BE54-9A1E7A4F7556}") = "API.Presentation", "CompanyEmployees.Presentation\API.Presentation.csproj", "{09D647EF-6258-4511-B9C2-626701101A77}"
EndProject
Global
	GlobalSection(SolutionConfigurationPlatforms) = preSolution
		Debug|Any CPU = Debug|Any CPU
		Release|Any CPU = Release|Any CPU
	EndGlobalSection
	GlobalSection(ProjectConfigurationPlatforms) = postSolution
		{437F8004-E396-4F8B-A0C4-46C545A7C13D}.Debug|Any CPU.ActiveCfg = Debug|Any CPU
		{437F8004-E396-4F8B-A0C4-46C545A7C13D}.Debug|Any CPU.Build.0 = Debug|Any CPU
		{437F8004-E396-4F8B-A0C4-46C545A7C13D}.Release|Any CPU.ActiveCfg = Release|Any CPU
		{437F8004-E396-4F8B-A0C4-46C545A7C13D}.Release|Any CPU.Build.0 = Release|Any CPU
		{6B17701F-EE4C-4C37-8577-9A18C265050D}.Debug|Any CPU.ActiveCfg = Debug|Any CPU
		{6B17701F-EE4C-4C37-8577-9A18C265050D}.Debug|Any CPU.Build.0 = Debug|Any CPU
		{6B17701F-EE4C-4C37-8577-9A18C265050D}.Release|Any CPU.ActiveCfg = Release|Any CPU
		{6B17701F-EE4C-4C37-8577-9A18C265050D}.Release|Any CPU.Build.0 = Release|Any CPU
		{7C15C55F-2566-4528-AB5B-F5725C0CBB87}.Debug|Any CPU.ActiveCfg = Debug|Any CPU
		{7C15C55F-2566-4528-AB5B-F5725C0CBB87}.Debug|Any CPU.Build.0 = Debug|Any CPU
		{7C15C55F-2566-4528-AB5B-F5725C0CBB87}.Release|Any CPU.ActiveCfg = Release|Any CPU
		{7C15C55F-2566-4528-AB5B-F5725C0CBB87}.Release|Any CPU.Build.0 = Release|Any CPU
		{FCE03126-2E92-4DF8-B8A4-040FAF8E1801}.Debug|Any CPU.ActiveCfg = Debug|Any CPU
		{FCE03126-2E92-4DF8-B8A4-040FAF8E1801}.Debug|Any CPU.Build.0 = Debug|Any CPU
		{FCE03126-2E92-4DF8-B8A4-040FAF8E1801}.Release|Any CPU.ActiveCfg = Release|Any CPU
		{FCE03126-2E92-4DF8-B8A4-040FAF8E1801}.Release|Any CPU.Build.0 = Release|Any CPU
		{13A9C500-DD9C-41DC-8708-23384554AD4E}.Debug|Any CPU.ActiveCfg = Debug|Any CPU
		{13A9C500-DD9C-41DC-8708-23384554AD4E}.Debug|Any CPU.Build.0 = Debug|Any CPU
		{13A9C500-DD9C-41DC-8708-23384554AD4E}.Release|Any CPU.ActiveCfg = Release|Any CPU
		{13A9C500-DD9C-41DC-8708-23384554AD4E}.Release|Any CPU.Build.0 = Release|Any CPU
		{C144D3D8-E5B5-4AA6-8D37-4190A62EB8EF}.Debug|Any CPU.ActiveCfg = Debug|Any CPU
		{C144D3D8-E5B5-4AA6-8D37-4190A62EB8EF}.Debug|Any CPU.Build.0 = Debug|Any CPU
		{C144D3D8-E5B5-4AA6-8D37-4190A62EB8EF}.Release|Any CPU.ActiveCfg = Release|Any CPU
		{C144D3D8-E5B5-4AA6-8D37-4190A62EB8EF}.Release|Any CPU.Build.0 = Release|Any CPU
		{F236059C-AB8C-4091-BD13-D1591315B2C1}.Debug|Any CPU.ActiveCfg = Debug|Any CPU
		{F236059C-AB8C-4091-BD13-D1591315B2C1}.Debug|Any CPU.Build.0 = Debug|Any CPU
		{F236059C-AB8C-4091-BD13-D1591315B2C1}.Release|Any CPU.ActiveCfg = Release|Any CPU
		{F236059C-AB8C-4091-BD13-D1591315B2C1}.Release|Any CPU.Build.0 = Release|Any CPU
		{353B0CEA-670D-4535-A807-9E56C67F2C60}.Debug|Any CPU.ActiveCfg = Debug|Any CPU
		{353B0CEA-670D-4535-A807-9E56C67F2C60}.Debug|Any CPU.Build.0 = Debug|Any CPU
		{353B0CEA-670D-4535-A807-9E56C67F2C60}.Release|Any CPU.ActiveCfg = Release|Any CPU
		{353B0CEA-670D-4535-A807-9E56C67F2C60}.Release|Any CPU.Build.0 = Release|Any CPU
		{09D647EF-6258-4511-B9C2-626701101A77}.Debug|Any CPU.ActiveCfg = Debug|Any CPU
		{09D647EF-6258-4511-B9C2-626701101A77}.Debug|Any CPU.Build.0 = Debug|Any CPU
		{09D647EF-6258-4511-B9C2-626701101A77}.Release|Any CPU.ActiveCfg = Release|Any CPU
		{09D647EF-6258-4511-B9C2-626701101A77}.Release|Any CPU.Build.0 = Release|Any CPU
	EndGlobalSection
	GlobalSection(SolutionProperties) = preSolution
		HideSolutionNode = FALSE
	EndGlobalSection
	GlobalSection(ExtensibilityGlobals) = postSolution
		SolutionGuid = {1C168622-F863-4051-9649-F9D9DC445523}
	EndGlobalSection
EndGlobal
